{
  "name": "WaMaDae",
  "lockfileVersion": 3,
  "requires": true,
  "packages": {
    "": {
      "devDependencies": {
        "chromatic": "^13.3.5"
      }
    },
    "node_modules/chromatic": {
      "version": "13.3.5",
      "resolved": "https://registry.npmjs.org/chromatic/-/chromatic-13.3.5.tgz",
      "integrity": "sha512-MzPhxpl838qJUo0A55osCF2ifwPbjcIPeElr1d4SHcjnHoIcg7l1syJDrAYK/a+PcCBrOGi06jPNpQAln5hWgw==",
      "dev": true,
      "license": "MIT",
      "bin": {
        "chroma": "dist/bin.js",
        "chromatic": "dist/bin.js",
        "chromatic-cli": "dist/bin.js"
      },
      "peerDependencies": {
        "@chromatic-com/cypress": "^0.*.* || ^1.0.0",
        "@chromatic-com/playwright": "^0.*.* || ^1.0.0"
      },
      "peerDependenciesMeta": {
        "@chromatic-com/cypress": {
          "optional": true
        },
        "@chromatic-com/playwright": {
          "optional": true
        }
      }
    }
  }
}
